// !$*UTF8*$!
{
	archiveVersion = 1;
	classes = {
	};
	objectVersion = 50;
	objects = {

/* Begin PBXBuildFile section */
		6526888D21852A8D005C119A /* MultipeerManager.swift in Sources */ = {isa = PBXBuildFile; fileRef = 6526888C21852A8C005C119A /* MultipeerManager.swift */; };
		652FE08E217408FB00058830 /* AppDelegate.swift in Sources */ = {isa = PBXBuildFile; fileRef = 652FE08D217408FB00058830 /* AppDelegate.swift */; };
		652FE092217408FB00058830 /* ViewController.swift in Sources */ = {isa = PBXBuildFile; fileRef = 652FE091217408FB00058830 /* ViewController.swift */; };
		652FE095217408FB00058830 /* Main.storyboard in Resources */ = {isa = PBXBuildFile; fileRef = 652FE093217408FB00058830 /* Main.storyboard */; };
		652FE097217408FC00058830 /* Assets.xcassets in Resources */ = {isa = PBXBuildFile; fileRef = 652FE096217408FC00058830 /* Assets.xcassets */; };
		652FE09A217408FC00058830 /* LaunchScreen.storyboard in Resources */ = {isa = PBXBuildFile; fileRef = 652FE098217408FC00058830 /* LaunchScreen.storyboard */; };
		65B58A3121828232003CC3B8 /* CoffeeMug.dae in Resources */ = {isa = PBXBuildFile; fileRef = 65B58A3021828232003CC3B8 /* CoffeeMug.dae */; };
/* End PBXBuildFile section */

/* Begin PBXFileReference section */
		6526888C21852A8C005C119A /* MultipeerManager.swift */ = {isa = PBXFileReference; lastKnownFileType = sourcecode.swift; path = MultipeerManager.swift; sourceTree = "<group>"; };
		652FE08A217408FB00058830 /* ARKit2Sharing.app */ = {isa = PBXFileReference; explicitFileType = wrapper.application; includeInIndex = 0; path = ARKit2Sharing.app; sourceTree = BUILT_PRODUCTS_DIR; };
		652FE08D217408FB00058830 /* AppDelegate.swift */ = {isa = PBXFileReference; lastKnownFileType = sourcecode.swift; path = AppDelegate.swift; sourceTree = "<group>"; };
		652FE091217408FB00058830 /* ViewController.swift */ = {isa = PBXFileReference; lastKnownFileType = sourcecode.swift; path = ViewController.swift; sourceTree = "<group>"; };
		652FE094217408FB00058830 /* Base */ = {isa = PBXFileReference; lastKnownFileType = file.storyboard; name = Base; path = Base.lproj/Main.storyboard; sourceTree = "<group>"; };
		652FE096217408FC00058830 /* Assets.xcassets */ = {isa = PBXFileReference; lastKnownFileType = folder.assetcatalog; path = Assets.xcassets; sourceTree = "<group>"; };
		652FE099217408FC00058830 /* Base */ = {isa = PBXFileReference; lastKnownFileType = file.storyboard; name = Base; path = Base.lproj/LaunchScreen.storyboard; sourceTree = "<group>"; };
		652FE09B217408FC00058830 /* Info.plist */ = {isa = PBXFileReference; lastKnownFileType = text.plist.xml; path = Info.plist; sourceTree = "<group>"; };
		65B58A3021828232003CC3B8 /* CoffeeMug.dae */ = {isa = PBXFileReference; fileEncoding = 4; lastKnownFileType = text.xml.dae; path = CoffeeMug.dae; sourceTree = "<group>"; };
/* End PBXFileReference section */

/* Begin PBXFrameworksBuildPhase section */
		652FE087217408FB00058830 /* Frameworks */ = {
			isa = PBXFrameworksBuildPhase;
			buildActionMask = 2147483647;
			files = (
			);
			runOnlyForDeploymentPostprocessing = 0;
		};
/* End PBXFrameworksBuildPhase section */

/* Begin PBXGroup section */
		652FE081217408FA00058830 = {
			isa = PBXGroup;
			children = (
				652FE08C217408FB00058830 /* ARKit2Sharing */,
				652FE08B217408FB00058830 /* Products */,
			);
			sourceTree = "<group>";
		};
		652FE08B217408FB00058830 /* Products */ = {
			isa = PBXGroup;
			children = (
				652FE08A217408FB00058830 /* ARKit2Sharing.app */,
			);
			name = Products;
			sourceTree = "<group>";
		};
		652FE08C217408FB00058830 /* ARKit2Sharing */ = {
			isa = PBXGroup;
			children = (
				652FE08D217408FB00058830 /* AppDelegate.swift */,
				652FE091217408FB00058830 /* ViewController.swift */,
				6526888C21852A8C005C119A /* MultipeerManager.swift */,
				652FE093217408FB00058830 /* Main.storyboard */,
				65B58A3021828232003CC3B8 /* CoffeeMug.dae */,
				652FE096217408FC00058830 /* Assets.xcassets */,
				652FE098217408FC00058830 /* LaunchScreen.storyboard */,
				652FE09B217408FC00058830 /* Info.plist */,
			);
			path = ARKit2Sharing;
			sourceTree = "<group>";
		};
/* End PBXGroup section */

/* Begin PBXNativeTarget section */
		652FE089217408FB00058830 /* ARKit2Sharing */ = {
			isa = PBXNativeTarget;
			buildConfigurationList = 652FE09E217408FC00058830 /* Build configuration list for PBXNativeTarget "ARKit2Sharing" */;
			buildPhases = (
				652FE086217408FB00058830 /* Sources */,
				652FE087217408FB00058830 /* Frameworks */,
				652FE088217408FB00058830 /* Resources */,
			);
			buildRules = (
			);
			dependencies = (
			);
			name = ARKit2Sharing;
			productName = ARKit2Sharing;
			productReference = 652FE08A217408FB00058830 /* ARKit2Sharing.app */;
			productType = "com.apple.product-type.application";
		};
/* End PBXNativeTarget section */

/* Begin PBXProject section */
		652FE082217408FA00058830 /* Project object */ = {
			isa = PBXProject;
			attributes = {
				LastSwiftUpdateCheck = 1010;
				LastUpgradeCheck = 1010;
				ORGANIZATIONNAME = "Daniel Klein";
				TargetAttributes = {
					652FE089217408FB00058830 = {
						CreatedOnToolsVersion = 10.1;
					};
				};
			};
			buildConfigurationList = 652FE085217408FA00058830 /* Build configuration list for PBXProject "ARKit2Sharing" */;
			compatibilityVersion = "Xcode 9.3";
			developmentRegion = en;
			hasScannedForEncodings = 0;
			knownRegions = (
				en,
				Base,
			);
			mainGroup = 652FE081217408FA00058830;
			productRefGroup = 652FE08B217408FB00058830 /* Products */;
			projectDirPath = "";
			projectRoot = "";
			targets = (
				652FE089217408FB00058830 /* ARKit2Sharing */,
			);
		};
/* End PBXProject section */

/* Begin PBXResourcesBuildPhase section */
		652FE088217408FB00058830 /* Resources */ = {
			isa = PBXResourcesBuildPhase;
			buildActionMask = 2147483647;
			files = (
				652FE09A217408FC00058830 /* LaunchScreen.storyboard in Resources */,
				652FE097217408FC00058830 /* Assets.xcassets in Resources */,
				652FE095217408FB00058830 /* Main.storyboard in Resources */,
				65B58A3121828232003CC3B8 /* CoffeeMug.dae in Resources */,
			);
			runOnlyForDeploymentPostprocessing = 0;
		};
/* End PBXResourcesBuildPhase section */

/* Begin PBXSourcesBuildPhase section */
		652FE086217408FB00058830 /* Sources */ = {
			isa = PBXSourcesBuildPhase;
			buildActionMask = 2147483647;
			files = (
				652FE092217408FB00058830 /* ViewController.swift in Sources */,
				652FE08E217408FB00058830 /* AppDelegate.swift in Sources */,
				6526888D21852A8D005C119A /* MultipeerManager.swift in Sources */,
			);
			runOnlyForDeploymentPostprocessing = 0;
		};
/* End PBXSourcesBuildPhase section */

/* Begin PBXVariantGroup section */
		652FE093217408FB00058830 /* Main.storyboard */ = {
			isa = PBXVariantGroup;
			children = (
				652FE094217408FB00058830 /* Base */,
			);
			name = Main.storyboard;
			sourceTree = "<group>";
		};
		652FE098217408FC00058830 /* LaunchScreen.storyboard */ = {
			isa = PBXVariantGroup;
			children = (
				652FE099217408FC00058830 /* Base */,
			);
			name = LaunchScreen.storyboard;
			sourceTree = "<group>";
		};
/* End PBXVariantGroup section */

/* Begin XCBuildConfiguration section */
		652FE09C217408FC00058830 /* Debug */ = {
			isa = XCBuildConfiguration;
			buildSettings = {
				ALWAYS_SEARCH_USER_PATHS = NO;
				CLANG_ANALYZER_NONNULL = YES;
				CLANG_ANALYZER_NUMBER_OBJECT_CONVERSION = YES_AGGRESSIVE;
				CLANG_CXX_LANGUAGE_STANDARD = "gnu++14";
				CLANG_CXX_LIBRARY = "libc++";
				CLANG_ENABLE_MODULES = YES;
				CLANG_ENABLE_OBJC_ARC = YES;
				CLANG_ENABLE_OBJC_WEAK = YES;
				CLANG_WARN_BLOCK_CAPTURE_AUTORELEASING = YES;
				CLANG_WARN_BOOL_CONVERSION = YES;
				CLANG_WARN_COMMA = YES;
				CLANG_WARN_CONSTANT_CONVERSION = YES;
				CLANG_WARN_DEPRECATED_OBJC_IMPLEMENTATIONS = YES;
				CLANG_WARN_DIRECT_OBJC_ISA_USAGE = YES_ERROR;
				CLANG_WARN_DOCUMENTATION_COMMENTS = YES;
				CLANG_WARN_EMPTY_BODY = YES;
				CLANG_WARN_ENUM_CONVERSION = YES;
				CLANG_WARN_INFINITE_RECURSION = YES;
				CLANG_WARN_INT_CONVERSION = YES;
				CLANG_WARN_NON_LITERAL_NULL_CONVERSION = YES;
				CLANG_WARN_OBJC_IMPLICIT_RETAIN_SELF = YES;
				CLANG_WARN_OBJC_LITERAL_CONVERSION = YES;
				CLANG_WARN_OBJC_ROOT_CLASS = YES_ERROR;
				CLANG_WARN_RANGE_LOOP_ANALYSIS = YES;
				CLANG_WARN_STRICT_PROTOTYPES = YES;
				CLANG_WARN_SUSPICIOUS_MOVE = YES;
				CLANG_WARN_UNGUARDED_AVAILABILITY = YES_AGGRESSIVE;
				CLANG_WARN_UNREACHABLE_CODE = YES;
				CLANG_WARN__DUPLICATE_METHOD_MATCH = YES;
				CODE_SIGN_IDENTITY = "iPhone Developer";
				COPY_PHASE_STRIP = NO;
				DEBUG_INFORMATION_FORMAT = dwarf;
				ENABLE_STRICT_OBJC_MSGSEND = YES;
				ENABLE_TESTABILITY = YES;
				GCC_C_LANGUAGE_STANDARD = gnu11;
				GCC_DYNAMIC_NO_PIC = NO;
				GCC_NO_COMMON_BLOCKS = YES;
				GCC_OPTIMIZATION_LEVEL = 0;
				GCC_PREPROCESSOR_DEFINITIONS = (
					"DEBUG=1",
					"$(inherited)",
				);
				GCC_WARN_64_TO_32_BIT_CONVERSION = YES;
				GCC_WARN_ABOUT_RETURN_TYPE = YES_ERROR;
				GCC_WARN_UNDECLARED_SELECTOR = YES;
				GCC_WARN_UNINITIALIZED_AUTOS = YES_AGGRESSIVE;
				GCC_WARN_UNUSED_FUNCTION = YES;
				GCC_WARN_UNUSED_VARIABLE = YES;
				IPHONEOS_DEPLOYMENT_TARGET = 12.1;
				MTL_ENABLE_DEBUG_INFO = INCLUDE_SOURCE;
				MTL_FAST_MATH = YES;
				ONLY_ACTIVE_ARCH = YES;
				SDKROOT = iphoneos;
				SWIFT_ACTIVE_COMPILATION_CONDITIONS = DEBUG;
				SWIFT_OPTIMIZATION_LEVEL = "-Onone";
			};
			name = Debug;
		};
		652FE09D217408FC00058830 /* Release */ = {
			isa = XCBuildConfiguration;
			buildSettings = {
				ALWAYS_SEARCH_USER_PATHS = NO;
				CLANG_ANALYZER_NONNULL = YES;
				CLANG_ANALYZER_NUMBER_OBJECT_CONVERSION = YES_AGGRESSIVE;
				CLANG_CXX_LANGUAGE_STANDARD = "gnu++14";
				CLANG_CXX_LIBRARY = "libc++";
				CLANG_ENABLE_MODULES = YES;
				CLANG_ENABLE_OBJC_ARC = YES;
				CLANG_ENABLE_OBJC_WEAK = YES;
				CLANG_WARN_BLOCK_CAPTURE_AUTORELEASING = YES;
				CLANG_WARN_BOOL_CONVERSION = YES;
				CLANG_WARN_COMMA = YES;
				CLANG_WARN_CONSTANT_CONVERSION = YES;
				CLANG_WARN_DEPRECATED_OBJC_IMPLEMENTATIONS = YES;
				CLANG_WARN_DIRECT_OBJC_ISA_USAGE = YES_ERROR;
				CLANG_WARN_DOCUMENTATION_COMMENTS = YES;
				CLANG_WARN_EMPTY_BODY = YES;
				CLANG_WARN_ENUM_CONVERSION = YES;
				CLANG_WARN_INFINITE_RECURSION = YES;
				CLANG_WARN_INT_CONVERSION = YES;
				CLANG_WARN_NON_LITERAL_NULL_CONVERSION = YES;
				CLANG_WARN_OBJC_IMPLICIT_RETAIN_SELF = YES;
				CLANG_WARN_OBJC_LITERAL_CONVERSION = YES;
				CLANG_WARN_OBJC_ROOT_CLASS = YES_ERROR;
				CLANG_WARN_RANGE_LOOP_ANALYSIS = YES;
				CLANG_WARN_STRICT_PROTOTYPES = YES;
				CLANG_WARN_SUSPICIOUS_MOVE = YES;
				CLANG_WARN_UNGUARDED_AVAILABILITY = YES_AGGRESSIVE;
				CLANG_WARN_UNREACHABLE_CODE = YES;
				CLANG_WARN__DUPLICATE_METHOD_MATCH = YES;
				CODE_SIGN_IDENTITY = "iPhone Developer";
				COPY_PHASE_STRIP = NO;
				DEBUG_INFORMATION_FORMAT = "dwarf-with-dsym";
				ENABLE_NS_ASSERTIONS = NO;
				ENABLE_STRICT_OBJC_MSGSEND = YES;
				GCC_C_LANGUAGE_STANDARD = gnu11;
				GCC_NO_COMMON_BLOCKS = YES;
				GCC_WARN_64_TO_32_BIT_CONVERSION = YES;
				GCC_WARN_ABOUT_RETURN_TYPE = YES_ERROR;
				GCC_WARN_UNDECLARED_SELECTOR = YES;
				GCC_WARN_UNINITIALIZED_AUTOS = YES_AGGRESSIVE;
				GCC_WARN_UNUSED_FUNCTION = YES;
				GCC_WARN_UNUSED_VARIABLE = YES;
				IPHONEOS_DEPLOYMENT_TARGET = 12.1;
				MTL_ENABLE_DEBUG_INFO = NO;
				MTL_FAST_MATH = YES;
				SDKROOT = iphoneos;
				SWIFT_COMPILATION_MODE = wholemodule;
				SWIFT_OPTIMIZATION_LEVEL = "-O";
				VALIDATE_PRODUCT = YES;
			};
			name = Release;
		};
		652FE09F217408FC00058830 /* Debug */ = {
			isa = XCBuildConfiguration;
			buildSettings = {
				ASSETCATALOG_COMPILER_APPICON_NAME = AppIcon;
				CODE_SIGN_STYLE = Automatic;
				DEVELOPMENT_TEAM = 255R7PGQHG;
				INFOPLIST_FILE = ARKit2Sharing/Info.plist;
				IPHONEOS_DEPLOYMENT_TARGET = 12.0;
				LD_RUNPATH_SEARCH_PATHS = (
					"$(inherited)",
					"@executable_path/Frameworks",
				);
				PRODUCT_BUNDLE_IDENTIFIER = de.hobsoft.demo.ARKit2Sharing;
				PRODUCT_NAME = "$(TARGET_NAME)";
				SWIFT_VERSION = 4.2;
				TARGETED_DEVICE_FAMILY = "1,2";
			};
			name = Debug;
		};
		652FE0A0217408FC00058830 /* Release */ = {
			isa = XCBuildConfiguration;
			buildSettings = {
				ASSETCATALOG_COMPILER_APPICON_NAME = AppIcon;
				CODE_SIGN_STYLE = Automatic;
				DEVELOPMENT_TEAM = 255R7PGQHG;
				INFOPLIST_FILE = ARKit2Sharing/Info.plist;
				IPHONEOS_DEPLOYMENT_TARGET = 12.0;
				LD_RUNPATH_SEARCH_PATHS = (
					"$(inherited)",
					"@executable_path/Frameworks",
				);
				PRODUCT_BUNDLE_IDENTIFIER = de.hobsoft.demo.ARKit2Sharing;
				PRODUCT_NAME = "$(TARGET_NAME)";
				SWIFT_VERSION = 4.2;
				TARGETED_DEVICE_FAMILY = "1,2";
			};
			name = Release;
		};
/* End XCBuildConfiguration section */

/* Begin XCConfigurationList section */
		652FE085217408FA00058830 /* Build configuration list for PBXProject "ARKit2Sharing" */ = {
			isa = XCConfigurationList;
			buildConfigurations = (
				652FE09C217408FC00058830 /* Debug */,
				652FE09D217408FC00058830 /* Release */,
			);
			defaultConfigurationIsVisible = 0;
			defaultConfigurationName = Release;
		};
		652FE09E217408FC00058830 /* Build configuration list for PBXNativeTarget "ARKit2Sharing" */ = {
			isa = XCConfigurationList;
			buildConfigurations = (
				652FE09F217408FC00058830 /* Debug */,
				652FE0A0217408FC00058830 /* Release */,
			);
			defaultConfigurationIsVisible = 0;
			defaultConfigurationName = Release;
		};
/* End XCConfigurationList section */
	};
	rootObject = 652FE082217408FA00058830 /* Project object */;
}
