// !$*UTF8*$!
{
	archiveVersion = 1;
	classes = {
	};
	objectVersion = 55;
	objects = {

/* Begin PBXBuildFile section */
		65138D4327E7C45300628552 /* MovieViewController.swift in Sources */ = {isa = PBXBuildFile; fileRef = 65138D4227E7C45300628552 /* MovieViewController.swift */; };
		65138D4727E7CC2D00628552 /* Test.mp4 in Resources */ = {isa = PBXBuildFile; fileRef = 65138D4627E7CC2D00628552 /* Test.mp4 */; };
		65A9E5CF27DEB0B600080CCF /* AppDelegate.swift in Sources */ = {isa = PBXBuildFile; fileRef = 65A9E5CE27DEB0B600080CCF /* AppDelegate.swift */; };
		65A9E5D127DEB0B600080CCF /* SceneDelegate.swift in Sources */ = {isa = PBXBuildFile; fileRef = 65A9E5D027DEB0B600080CCF /* SceneDelegate.swift */; };
		65A9E5D627DEB0B600080CCF /* Main.storyboard in Resources */ = {isa = PBXBuildFile; fileRef = 65A9E5D427DEB0B600080CCF /* Main.storyboard */; };
		65A9E5D827DEB0B600080CCF /* Assets.xcassets in Resources */ = {isa = PBXBuildFile; fileRef = 65A9E5D727DEB0B600080CCF /* Assets.xcassets */; };
		65A9E5DB27DEB0B600080CCF /* LaunchScreen.storyboard in Resources */ = {isa = PBXBuildFile; fileRef = 65A9E5D927DEB0B600080CCF /* LaunchScreen.storyboard */; };
		65A9E5E427DED45600080CCF /* MovieWatchingActivity.swift in Sources */ = {isa = PBXBuildFile; fileRef = 65A9E5E327DED45600080CCF /* MovieWatchingActivity.swift */; };
/* End PBXBuildFile section */

/* Begin PBXFileReference section */
		65138D4227E7C45300628552 /* MovieViewController.swift */ = {isa = PBXFileReference; lastKnownFileType = sourcecode.swift; path = MovieViewController.swift; sourceTree = "<group>"; };
		65138D4627E7CC2D00628552 /* Test.mp4 */ = {isa = PBXFileReference; lastKnownFileType = file; path = Test.mp4; sourceTree = "<group>"; };
		65A9E5CB27DEB0B600080CCF /* SharePlay.app */ = {isa = PBXFileReference; explicitFileType = wrapper.application; includeInIndex = 0; path = SharePlay.app; sourceTree = BUILT_PRODUCTS_DIR; };
		65A9E5CE27DEB0B600080CCF /* AppDelegate.swift */ = {isa = PBXFileReference; lastKnownFileType = sourcecode.swift; path = AppDelegate.swift; sourceTree = "<group>"; };
		65A9E5D027DEB0B600080CCF /* SceneDelegate.swift */ = {isa = PBXFileReference; lastKnownFileType = sourcecode.swift; path = SceneDelegate.swift; sourceTree = "<group>"; };
		65A9E5D527DEB0B600080CCF /* Base */ = {isa = PBXFileReference; lastKnownFileType = file.storyboard; name = Base; path = Base.lproj/Main.storyboard; sourceTree = "<group>"; };
		65A9E5D727DEB0B600080CCF /* Assets.xcassets */ = {isa = PBXFileReference; lastKnownFileType = folder.assetcatalog; path = Assets.xcassets; sourceTree = "<group>"; };
		65A9E5DA27DEB0B600080CCF /* Base */ = {isa = PBXFileReference; lastKnownFileType = file.storyboard; name = Base; path = Base.lproj/LaunchScreen.storyboard; sourceTree = "<group>"; };
		65A9E5DC27DEB0B600080CCF /* Info.plist */ = {isa = PBXFileReference; lastKnownFileType = text.plist.xml; path = Info.plist; sourceTree = "<group>"; };
		65A9E5E227DEBF4100080CCF /* SharePlay.entitlements */ = {isa = PBXFileReference; lastKnownFileType = text.plist.entitlements; path = SharePlay.entitlements; sourceTree = "<group>"; };
		65A9E5E327DED45600080CCF /* MovieWatchingActivity.swift */ = {isa = PBXFileReference; lastKnownFileType = sourcecode.swift; path = MovieWatchingActivity.swift; sourceTree = "<group>"; };
/* End PBXFileReference section */

/* Begin PBXFrameworksBuildPhase section */
		65A9E5C827DEB0B600080CCF /* Frameworks */ = {
			isa = PBXFrameworksBuildPhase;
			buildActionMask = 2147483647;
			files = (
			);
			runOnlyForDeploymentPostprocessing = 0;
		};
/* End PBXFrameworksBuildPhase section */

/* Begin PBXGroup section */
		65A9E5C227DEB0B600080CCF = {
			isa = PBXGroup;
			children = (
				65A9E5CD27DEB0B600080CCF /* SharePlay */,
				65A9E5CC27DEB0B600080CCF /* Products */,
			);
			sourceTree = "<group>";
		};
		65A9E5CC27DEB0B600080CCF /* Products */ = {
			isa = PBXGroup;
			children = (
				65A9E5CB27DEB0B600080CCF /* SharePlay.app */,
			);
			name = Products;
			sourceTree = "<group>";
		};
		65A9E5CD27DEB0B600080CCF /* SharePlay */ = {
			isa = PBXGroup;
			children = (
				65A9E5E227DEBF4100080CCF /* SharePlay.entitlements */,
				65A9E5CE27DEB0B600080CCF /* AppDelegate.swift */,
				65A9E5D027DEB0B600080CCF /* SceneDelegate.swift */,
				65A9E5E327DED45600080CCF /* MovieWatchingActivity.swift */,
				65138D4227E7C45300628552 /* MovieViewController.swift */,
				65A9E5D427DEB0B600080CCF /* Main.storyboard */,
				65A9E5D727DEB0B600080CCF /* Assets.xcassets */,
				65A9E5D927DEB0B600080CCF /* LaunchScreen.storyboard */,
				65A9E5DC27DEB0B600080CCF /* Info.plist */,
				65138D4627E7CC2D00628552 /* Test.mp4 */,
			);
			path = SharePlay;
			sourceTree = "<group>";
		};
/* End PBXGroup section */

/* Begin PBXNativeTarget section */
		65A9E5CA27DEB0B600080CCF /* SharePlay */ = {
			isa = PBXNativeTarget;
			buildConfigurationList = 65A9E5DF27DEB0B600080CCF /* Build configuration list for PBXNativeTarget "SharePlay" */;
			buildPhases = (
				65A9E5C727DEB0B600080CCF /* Sources */,
				65A9E5C827DEB0B600080CCF /* Frameworks */,
				65A9E5C927DEB0B600080CCF /* Resources */,
			);
			buildRules = (
			);
			dependencies = (
			);
			name = SharePlay;
			productName = SharePlay;
			productReference = 65A9E5CB27DEB0B600080CCF /* SharePlay.app */;
			productType = "com.apple.product-type.application";
		};
/* End PBXNativeTarget section */

/* Begin PBXProject section */
		65A9E5C327DEB0B600080CCF /* Project object */ = {
			isa = PBXProject;
			attributes = {
				BuildIndependentTargetsInParallel = 1;
				LastSwiftUpdateCheck = 1320;
				LastUpgradeCheck = 1320;
				TargetAttributes = {
					65A9E5CA27DEB0B600080CCF = {
						CreatedOnToolsVersion = 13.2.1;
					};
				};
			};
			buildConfigurationList = 65A9E5C627DEB0B600080CCF /* Build configuration list for PBXProject "SharePlay" */;
			compatibilityVersion = "Xcode 13.0";
			developmentRegion = en;
			hasScannedForEncodings = 0;
			knownRegions = (
				en,
				Base,
			);
			mainGroup = 65A9E5C227DEB0B600080CCF;
			productRefGroup = 65A9E5CC27DEB0B600080CCF /* Products */;
			projectDirPath = "";
			projectRoot = "";
			targets = (
				65A9E5CA27DEB0B600080CCF /* SharePlay */,
			);
		};
/* End PBXProject section */

/* Begin PBXResourcesBuildPhase section */
		65A9E5C927DEB0B600080CCF /* Resources */ = {
			isa = PBXResourcesBuildPhase;
			buildActionMask = 2147483647;
			files = (
				65A9E5DB27DEB0B600080CCF /* LaunchScreen.storyboard in Resources */,
				65A9E5D827DEB0B600080CCF /* Assets.xcassets in Resources */,
				65A9E5D627DEB0B600080CCF /* Main.storyboard in Resources */,
				65138D4727E7CC2D00628552 /* Test.mp4 in Resources */,
			);
			runOnlyForDeploymentPostprocessing = 0;
		};
/* End PBXResourcesBuildPhase section */

/* Begin PBXSourcesBuildPhase section */
		65A9E5C727DEB0B600080CCF /* Sources */ = {
			isa = PBXSourcesBuildPhase;
			buildActionMask = 2147483647;
			files = (
				65A9E5E427DED45600080CCF /* MovieWatchingActivity.swift in Sources */,
				65A9E5CF27DEB0B600080CCF /* AppDelegate.swift in Sources */,
				65A9E5D127DEB0B600080CCF /* SceneDelegate.swift in Sources */,
				65138D4327E7C45300628552 /* MovieViewController.swift in Sources */,
			);
			runOnlyForDeploymentPostprocessing = 0;
		};
/* End PBXSourcesBuildPhase section */

/* Begin PBXVariantGroup section */
		65A9E5D427DEB0B600080CCF /* Main.storyboard */ = {
			isa = PBXVariantGroup;
			children = (
				65A9E5D527DEB0B600080CCF /* Base */,
			);
			name = Main.storyboard;
			sourceTree = "<group>";
		};
		65A9E5D927DEB0B600080CCF /* LaunchScreen.storyboard */ = {
			isa = PBXVariantGroup;
			children = (
				65A9E5DA27DEB0B600080CCF /* Base */,
			);
			name = LaunchScreen.storyboard;
			sourceTree = "<group>";
		};
/* End PBXVariantGroup section */

/* Begin XCBuildConfiguration section */
		65A9E5DD27DEB0B600080CCF /* Debug */ = {
			isa = XCBuildConfiguration;
			buildSettings = {
				ALWAYS_SEARCH_USER_PATHS = NO;
				CLANG_ANALYZER_NONNULL = YES;
				CLANG_ANALYZER_NUMBER_OBJECT_CONVERSION = YES_AGGRESSIVE;
				CLANG_CXX_LANGUAGE_STANDARD = "gnu++17";
				CLANG_CXX_LIBRARY = "libc++";
				CLANG_ENABLE_MODULES = YES;
				CLANG_ENABLE_OBJC_ARC = YES;
				CLANG_ENABLE_OBJC_WEAK = YES;
				CLANG_WARN_BLOCK_CAPTURE_AUTORELEASING = YES;
				CLANG_WARN_BOOL_CONVERSION = YES;
				CLANG_WARN_COMMA = YES;
				CLANG_WARN_CONSTANT_CONVERSION = YES;
				CLANG_WARN_DEPRECATED_OBJC_IMPLEMENTATIONS = YES;
				CLANG_WARN_DIRECT_OBJC_ISA_USAGE = YES_ERROR;
				CLANG_WARN_DOCUMENTATION_COMMENTS = YES;
				CLANG_WARN_EMPTY_BODY = YES;
				CLANG_WARN_ENUM_CONVERSION = YES;
				CLANG_WARN_INFINITE_RECURSION = YES;
				CLANG_WARN_INT_CONVERSION = YES;
				CLANG_WARN_NON_LITERAL_NULL_CONVERSION = YES;
				CLANG_WARN_OBJC_IMPLICIT_RETAIN_SELF = YES;
				CLANG_WARN_OBJC_LITERAL_CONVERSION = YES;
				CLANG_WARN_OBJC_ROOT_CLASS = YES_ERROR;
				CLANG_WARN_QUOTED_INCLUDE_IN_FRAMEWORK_HEADER = YES;
				CLANG_WARN_RANGE_LOOP_ANALYSIS = YES;
				CLANG_WARN_STRICT_PROTOTYPES = YES;
				CLANG_WARN_SUSPICIOUS_MOVE = YES;
				CLANG_WARN_UNGUARDED_AVAILABILITY = YES_AGGRESSIVE;
				CLANG_WARN_UNREACHABLE_CODE = YES;
				CLANG_WARN__DUPLICATE_METHOD_MATCH = YES;
				COPY_PHASE_STRIP = NO;
				DEBUG_INFORMATION_FORMAT = dwarf;
				ENABLE_STRICT_OBJC_MSGSEND = YES;
				ENABLE_TESTABILITY = YES;
				GCC_C_LANGUAGE_STANDARD = gnu11;
				GCC_DYNAMIC_NO_PIC = NO;
				GCC_NO_COMMON_BLOCKS = YES;
				GCC_OPTIMIZATION_LEVEL = 0;
				GCC_PREPROCESSOR_DEFINITIONS = (
					"DEBUG=1",
					"$(inherited)",
				);
				GCC_WARN_64_TO_32_BIT_CONVERSION = YES;
				GCC_WARN_ABOUT_RETURN_TYPE = YES_ERROR;
				GCC_WARN_UNDECLARED_SELECTOR = YES;
				GCC_WARN_UNINITIALIZED_AUTOS = YES_AGGRESSIVE;
				GCC_WARN_UNUSED_FUNCTION = YES;
				GCC_WARN_UNUSED_VARIABLE = YES;
				IPHONEOS_DEPLOYMENT_TARGET = 15.2;
				MTL_ENABLE_DEBUG_INFO = INCLUDE_SOURCE;
				MTL_FAST_MATH = YES;
				ONLY_ACTIVE_ARCH = YES;
				SDKROOT = iphoneos;
				SWIFT_ACTIVE_COMPILATION_CONDITIONS = DEBUG;
				SWIFT_OPTIMIZATION_LEVEL = "-Onone";
			};
			name = Debug;
		};
		65A9E5DE27DEB0B600080CCF /* Release */ = {
			isa = XCBuildConfiguration;
			buildSettings = {
				ALWAYS_SEARCH_USER_PATHS = NO;
				CLANG_ANALYZER_NONNULL = YES;
				CLANG_ANALYZER_NUMBER_OBJECT_CONVERSION = YES_AGGRESSIVE;
				CLANG_CXX_LANGUAGE_STANDARD = "gnu++17";
				CLANG_CXX_LIBRARY = "libc++";
				CLANG_ENABLE_MODULES = YES;
				CLANG_ENABLE_OBJC_ARC = YES;
				CLANG_ENABLE_OBJC_WEAK = YES;
				CLANG_WARN_BLOCK_CAPTURE_AUTORELEASING = YES;
				CLANG_WARN_BOOL_CONVERSION = YES;
				CLANG_WARN_COMMA = YES;
				CLANG_WARN_CONSTANT_CONVERSION = YES;
				CLANG_WARN_DEPRECATED_OBJC_IMPLEMENTATIONS = YES;
				CLANG_WARN_DIRECT_OBJC_ISA_USAGE = YES_ERROR;
				CLANG_WARN_DOCUMENTATION_COMMENTS = YES;
				CLANG_WARN_EMPTY_BODY = YES;
				CLANG_WARN_ENUM_CONVERSION = YES;
				CLANG_WARN_INFINITE_RECURSION = YES;
				CLANG_WARN_INT_CONVERSION = YES;
				CLANG_WARN_NON_LITERAL_NULL_CONVERSION = YES;
				CLANG_WARN_OBJC_IMPLICIT_RETAIN_SELF = YES;
				CLANG_WARN_OBJC_LITERAL_CONVERSION = YES;
				CLANG_WARN_OBJC_ROOT_CLASS = YES_ERROR;
				CLANG_WARN_QUOTED_INCLUDE_IN_FRAMEWORK_HEADER = YES;
				CLANG_WARN_RANGE_LOOP_ANALYSIS = YES;
				CLANG_WARN_STRICT_PROTOTYPES = YES;
				CLANG_WARN_SUSPICIOUS_MOVE = YES;
				CLANG_WARN_UNGUARDED_AVAILABILITY = YES_AGGRESSIVE;
				CLANG_WARN_UNREACHABLE_CODE = YES;
				CLANG_WARN__DUPLICATE_METHOD_MATCH = YES;
				COPY_PHASE_STRIP = NO;
				DEBUG_INFORMATION_FORMAT = "dwarf-with-dsym";
				ENABLE_NS_ASSERTIONS = NO;
				ENABLE_STRICT_OBJC_MSGSEND = YES;
				GCC_C_LANGUAGE_STANDARD = gnu11;
				GCC_NO_COMMON_BLOCKS = YES;
				GCC_WARN_64_TO_32_BIT_CONVERSION = YES;
				GCC_WARN_ABOUT_RETURN_TYPE = YES_ERROR;
				GCC_WARN_UNDECLARED_SELECTOR = YES;
				GCC_WARN_UNINITIALIZED_AUTOS = YES_AGGRESSIVE;
				GCC_WARN_UNUSED_FUNCTION = YES;
				GCC_WARN_UNUSED_VARIABLE = YES;
				IPHONEOS_DEPLOYMENT_TARGET = 15.2;
				MTL_ENABLE_DEBUG_INFO = NO;
				MTL_FAST_MATH = YES;
				SDKROOT = iphoneos;
				SWIFT_COMPILATION_MODE = wholemodule;
				SWIFT_OPTIMIZATION_LEVEL = "-O";
				VALIDATE_PRODUCT = YES;
			};
			name = Release;
		};
		65A9E5E027DEB0B600080CCF /* Debug */ = {
			isa = XCBuildConfiguration;
			buildSettings = {
				ASSETCATALOG_COMPILER_APPICON_NAME = AppIcon;
				ASSETCATALOG_COMPILER_GLOBAL_ACCENT_COLOR_NAME = AccentColor;
				CODE_SIGN_ENTITLEMENTS = SharePlay/SharePlay.entitlements;
				CODE_SIGN_STYLE = Automatic;
				CURRENT_PROJECT_VERSION = 1;
				DEVELOPMENT_TEAM = 255R7PGQHG;
				GENERATE_INFOPLIST_FILE = YES;
				INFOPLIST_FILE = SharePlay/Info.plist;
				INFOPLIST_KEY_UIApplicationSupportsIndirectInputEvents = YES;
				INFOPLIST_KEY_UILaunchStoryboardName = LaunchScreen;
				INFOPLIST_KEY_UIMainStoryboardFile = Main;
				INFOPLIST_KEY_UISupportedInterfaceOrientations_iPad = "UIInterfaceOrientationPortrait UIInterfaceOrientationPortraitUpsideDown UIInterfaceOrientationLandscapeLeft UIInterfaceOrientationLandscapeRight";
				INFOPLIST_KEY_UISupportedInterfaceOrientations_iPhone = "UIInterfaceOrientationPortrait UIInterfaceOrientationLandscapeLeft UIInterfaceOrientationLandscapeRight";
				LD_RUNPATH_SEARCH_PATHS = (
					"$(inherited)",
					"@executable_path/Frameworks",
				);
				MARKETING_VERSION = 1.0;
				PRODUCT_BUNDLE_IDENTIFIER = de.hobsoft.demo.SharePlay;
				PRODUCT_NAME = "$(TARGET_NAME)";
				SWIFT_EMIT_LOC_STRINGS = YES;
				SWIFT_VERSION = 5.0;
				TARGETED_DEVICE_FAMILY = "1,2";
			};
			name = Debug;
		};
		65A9E5E127DEB0B600080CCF /* Release */ = {
			isa = XCBuildConfiguration;
			buildSettings = {
				ASSETCATALOG_COMPILER_APPICON_NAME = AppIcon;
				ASSETCATALOG_COMPILER_GLOBAL_ACCENT_COLOR_NAME = AccentColor;
				CODE_SIGN_ENTITLEMENTS = SharePlay/SharePlay.entitlements;
				CODE_SIGN_STYLE = Automatic;
				CURRENT_PROJECT_VERSION = 1;
				DEVELOPMENT_TEAM = 255R7PGQHG;
				GENERATE_INFOPLIST_FILE = YES;
				INFOPLIST_FILE = SharePlay/Info.plist;
				INFOPLIST_KEY_UIApplicationSupportsIndirectInputEvents = YES;
				INFOPLIST_KEY_UILaunchStoryboardName = LaunchScreen;
				INFOPLIST_KEY_UIMainStoryboardFile = Main;
				INFOPLIST_KEY_UISupportedInterfaceOrientations_iPad = "UIInterfaceOrientationPortrait UIInterfaceOrientationPortraitUpsideDown UIInterfaceOrientationLandscapeLeft UIInterfaceOrientationLandscapeRight";
				INFOPLIST_KEY_UISupportedInterfaceOrientations_iPhone = "UIInterfaceOrientationPortrait UIInterfaceOrientationLandscapeLeft UIInterfaceOrientationLandscapeRight";
				LD_RUNPATH_SEARCH_PATHS = (
					"$(inherited)",
					"@executable_path/Frameworks",
				);
				MARKETING_VERSION = 1.0;
				PRODUCT_BUNDLE_IDENTIFIER = de.hobsoft.demo.SharePlay;
				PRODUCT_NAME = "$(TARGET_NAME)";
				SWIFT_EMIT_LOC_STRINGS = YES;
				SWIFT_VERSION = 5.0;
				TARGETED_DEVICE_FAMILY = "1,2";
			};
			name = Release;
		};
/* End XCBuildConfiguration section */

/* Begin XCConfigurationList section */
		65A9E5C627DEB0B600080CCF /* Build configuration list for PBXProject "SharePlay" */ = {
			isa = XCConfigurationList;
			buildConfigurations = (
				65A9E5DD27DEB0B600080CCF /* Debug */,
				65A9E5DE27DEB0B600080CCF /* Release */,
			);
			defaultConfigurationIsVisible = 0;
			defaultConfigurationName = Release;
		};
		65A9E5DF27DEB0B600080CCF /* Build configuration list for PBXNativeTarget "SharePlay" */ = {
			isa = XCConfigurationList;
			buildConfigurations = (
				65A9E5E027DEB0B600080CCF /* Debug */,
				65A9E5E127DEB0B600080CCF /* Release */,
			);
			defaultConfigurationIsVisible = 0;
			defaultConfigurationName = Release;
		};
/* End XCConfigurationList section */
	};
	rootObject = 65A9E5C327DEB0B600080CCF /* Project object */;
}
