// !$*UTF8*$!
{
	archiveVersion = 1;
	classes = {
	};
	objectVersion = 50;
	objects = {

/* Begin PBXBuildFile section */
		6532F5A3215EC297009CCFD8 /* Tracking3DViewController.swift in Sources */ = {isa = PBXBuildFile; fileRef = 6532F5A2215EC297009CCFD8 /* Tracking3DViewController.swift */; };
		65A2CE38215D8F990097705E /* Video.mp4 in Resources */ = {isa = PBXBuildFile; fileRef = 65A2CE37215D8F990097705E /* Video.mp4 */; };
		65BA799F2156AB3B00624639 /* AppDelegate.swift in Sources */ = {isa = PBXBuildFile; fileRef = 65BA799E2156AB3B00624639 /* AppDelegate.swift */; };
		65BA79A32156AB3B00624639 /* Tracking2DViewController.swift in Sources */ = {isa = PBXBuildFile; fileRef = 65BA79A22156AB3B00624639 /* Tracking2DViewController.swift */; };
		65BA79A62156AB3B00624639 /* Main.storyboard in Resources */ = {isa = PBXBuildFile; fileRef = 65BA79A42156AB3B00624639 /* Main.storyboard */; };
		65BA79A82156AB3C00624639 /* Assets.xcassets in Resources */ = {isa = PBXBuildFile; fileRef = 65BA79A72156AB3C00624639 /* Assets.xcassets */; };
		65BA79AB2156AB3C00624639 /* LaunchScreen.storyboard in Resources */ = {isa = PBXBuildFile; fileRef = 65BA79A92156AB3C00624639 /* LaunchScreen.storyboard */; };
/* End PBXBuildFile section */

/* Begin PBXFileReference section */
		6532F5A2215EC297009CCFD8 /* Tracking3DViewController.swift */ = {isa = PBXFileReference; lastKnownFileType = sourcecode.swift; path = Tracking3DViewController.swift; sourceTree = "<group>"; };
		65A2CE37215D8F990097705E /* Video.mp4 */ = {isa = PBXFileReference; lastKnownFileType = file; path = Video.mp4; sourceTree = "<group>"; };
		65BA799B2156AB3B00624639 /* ARKit2.app */ = {isa = PBXFileReference; explicitFileType = wrapper.application; includeInIndex = 0; path = ARKit2.app; sourceTree = BUILT_PRODUCTS_DIR; };
		65BA799E2156AB3B00624639 /* AppDelegate.swift */ = {isa = PBXFileReference; lastKnownFileType = sourcecode.swift; path = AppDelegate.swift; sourceTree = "<group>"; };
		65BA79A22156AB3B00624639 /* Tracking2DViewController.swift */ = {isa = PBXFileReference; lastKnownFileType = sourcecode.swift; path = Tracking2DViewController.swift; sourceTree = "<group>"; };
		65BA79A52156AB3B00624639 /* Base */ = {isa = PBXFileReference; lastKnownFileType = file.storyboard; name = Base; path = Base.lproj/Main.storyboard; sourceTree = "<group>"; };
		65BA79A72156AB3C00624639 /* Assets.xcassets */ = {isa = PBXFileReference; lastKnownFileType = folder.assetcatalog; path = Assets.xcassets; sourceTree = "<group>"; };
		65BA79AA2156AB3C00624639 /* Base */ = {isa = PBXFileReference; lastKnownFileType = file.storyboard; name = Base; path = Base.lproj/LaunchScreen.storyboard; sourceTree = "<group>"; };
		65BA79AC2156AB3C00624639 /* Info.plist */ = {isa = PBXFileReference; lastKnownFileType = text.plist.xml; path = Info.plist; sourceTree = "<group>"; };
/* End PBXFileReference section */

/* Begin PBXFrameworksBuildPhase section */
		65BA79982156AB3B00624639 /* Frameworks */ = {
			isa = PBXFrameworksBuildPhase;
			buildActionMask = 2147483647;
			files = (
			);
			runOnlyForDeploymentPostprocessing = 0;
		};
/* End PBXFrameworksBuildPhase section */

/* Begin PBXGroup section */
		65BA79922156AB3B00624639 = {
			isa = PBXGroup;
			children = (
				65BA799D2156AB3B00624639 /* ARKit2 */,
				65BA799C2156AB3B00624639 /* Products */,
			);
			sourceTree = "<group>";
		};
		65BA799C2156AB3B00624639 /* Products */ = {
			isa = PBXGroup;
			children = (
				65BA799B2156AB3B00624639 /* ARKit2.app */,
			);
			name = Products;
			sourceTree = "<group>";
		};
		65BA799D2156AB3B00624639 /* ARKit2 */ = {
			isa = PBXGroup;
			children = (
				65BA799E2156AB3B00624639 /* AppDelegate.swift */,
				65BA79A22156AB3B00624639 /* Tracking2DViewController.swift */,
				6532F5A2215EC297009CCFD8 /* Tracking3DViewController.swift */,
				65BA79A42156AB3B00624639 /* Main.storyboard */,
				65BA79A72156AB3C00624639 /* Assets.xcassets */,
				65A2CE37215D8F990097705E /* Video.mp4 */,
				65BA79A92156AB3C00624639 /* LaunchScreen.storyboard */,
				65BA79AC2156AB3C00624639 /* Info.plist */,
			);
			path = ARKit2;
			sourceTree = "<group>";
		};
/* End PBXGroup section */

/* Begin PBXNativeTarget section */
		65BA799A2156AB3B00624639 /* ARKit2 */ = {
			isa = PBXNativeTarget;
			buildConfigurationList = 65BA79AF2156AB3C00624639 /* Build configuration list for PBXNativeTarget "ARKit2" */;
			buildPhases = (
				65BA79972156AB3B00624639 /* Sources */,
				65BA79982156AB3B00624639 /* Frameworks */,
				65BA79992156AB3B00624639 /* Resources */,
			);
			buildRules = (
			);
			dependencies = (
			);
			name = ARKit2;
			productName = ARKit2;
			productReference = 65BA799B2156AB3B00624639 /* ARKit2.app */;
			productType = "com.apple.product-type.application";
		};
/* End PBXNativeTarget section */

/* Begin PBXProject section */
		65BA79932156AB3B00624639 /* Project object */ = {
			isa = PBXProject;
			attributes = {
				LastSwiftUpdateCheck = 1010;
				LastUpgradeCheck = 1010;
				ORGANIZATIONNAME = "Daniel Klein";
				TargetAttributes = {
					65BA799A2156AB3B00624639 = {
						CreatedOnToolsVersion = 10.1;
					};
				};
			};
			buildConfigurationList = 65BA79962156AB3B00624639 /* Build configuration list for PBXProject "ARKit2" */;
			compatibilityVersion = "Xcode 9.3";
			developmentRegion = en;
			hasScannedForEncodings = 0;
			knownRegions = (
				en,
				Base,
			);
			mainGroup = 65BA79922156AB3B00624639;
			productRefGroup = 65BA799C2156AB3B00624639 /* Products */;
			projectDirPath = "";
			projectRoot = "";
			targets = (
				65BA799A2156AB3B00624639 /* ARKit2 */,
			);
		};
/* End PBXProject section */

/* Begin PBXResourcesBuildPhase section */
		65BA79992156AB3B00624639 /* Resources */ = {
			isa = PBXResourcesBuildPhase;
			buildActionMask = 2147483647;
			files = (
				65BA79AB2156AB3C00624639 /* LaunchScreen.storyboard in Resources */,
				65A2CE38215D8F990097705E /* Video.mp4 in Resources */,
				65BA79A82156AB3C00624639 /* Assets.xcassets in Resources */,
				65BA79A62156AB3B00624639 /* Main.storyboard in Resources */,
			);
			runOnlyForDeploymentPostprocessing = 0;
		};
/* End PBXResourcesBuildPhase section */

/* Begin PBXSourcesBuildPhase section */
		65BA79972156AB3B00624639 /* Sources */ = {
			isa = PBXSourcesBuildPhase;
			buildActionMask = 2147483647;
			files = (
				6532F5A3215EC297009CCFD8 /* Tracking3DViewController.swift in Sources */,
				65BA79A32156AB3B00624639 /* Tracking2DViewController.swift in Sources */,
				65BA799F2156AB3B00624639 /* AppDelegate.swift in Sources */,
			);
			runOnlyForDeploymentPostprocessing = 0;
		};
/* End PBXSourcesBuildPhase section */

/* Begin PBXVariantGroup section */
		65BA79A42156AB3B00624639 /* Main.storyboard */ = {
			isa = PBXVariantGroup;
			children = (
				65BA79A52156AB3B00624639 /* Base */,
			);
			name = Main.storyboard;
			sourceTree = "<group>";
		};
		65BA79A92156AB3C00624639 /* LaunchScreen.storyboard */ = {
			isa = PBXVariantGroup;
			children = (
				65BA79AA2156AB3C00624639 /* Base */,
			);
			name = LaunchScreen.storyboard;
			sourceTree = "<group>";
		};
/* End PBXVariantGroup section */

/* Begin XCBuildConfiguration section */
		65BA79AD2156AB3C00624639 /* Debug */ = {
			isa = XCBuildConfiguration;
			buildSettings = {
				ALWAYS_SEARCH_USER_PATHS = NO;
				CLANG_ANALYZER_NONNULL = YES;
				CLANG_ANALYZER_NUMBER_OBJECT_CONVERSION = YES_AGGRESSIVE;
				CLANG_CXX_LANGUAGE_STANDARD = "gnu++14";
				CLANG_CXX_LIBRARY = "libc++";
				CLANG_ENABLE_MODULES = YES;
				CLANG_ENABLE_OBJC_ARC = YES;
				CLANG_ENABLE_OBJC_WEAK = YES;
				CLANG_WARN_BLOCK_CAPTURE_AUTORELEASING = YES;
				CLANG_WARN_BOOL_CONVERSION = YES;
				CLANG_WARN_COMMA = YES;
				CLANG_WARN_CONSTANT_CONVERSION = YES;
				CLANG_WARN_DEPRECATED_OBJC_IMPLEMENTATIONS = YES;
				CLANG_WARN_DIRECT_OBJC_ISA_USAGE = YES_ERROR;
				CLANG_WARN_DOCUMENTATION_COMMENTS = YES;
				CLANG_WARN_EMPTY_BODY = YES;
				CLANG_WARN_ENUM_CONVERSION = YES;
				CLANG_WARN_INFINITE_RECURSION = YES;
				CLANG_WARN_INT_CONVERSION = YES;
				CLANG_WARN_NON_LITERAL_NULL_CONVERSION = YES;
				CLANG_WARN_OBJC_IMPLICIT_RETAIN_SELF = YES;
				CLANG_WARN_OBJC_LITERAL_CONVERSION = YES;
				CLANG_WARN_OBJC_ROOT_CLASS = YES_ERROR;
				CLANG_WARN_RANGE_LOOP_ANALYSIS = YES;
				CLANG_WARN_STRICT_PROTOTYPES = YES;
				CLANG_WARN_SUSPICIOUS_MOVE = YES;
				CLANG_WARN_UNGUARDED_AVAILABILITY = YES_AGGRESSIVE;
				CLANG_WARN_UNREACHABLE_CODE = YES;
				CLANG_WARN__DUPLICATE_METHOD_MATCH = YES;
				CODE_SIGN_IDENTITY = "iPhone Developer";
				COPY_PHASE_STRIP = NO;
				DEBUG_INFORMATION_FORMAT = dwarf;
				ENABLE_STRICT_OBJC_MSGSEND = YES;
				ENABLE_TESTABILITY = YES;
				GCC_C_LANGUAGE_STANDARD = gnu11;
				GCC_DYNAMIC_NO_PIC = NO;
				GCC_NO_COMMON_BLOCKS = YES;
				GCC_OPTIMIZATION_LEVEL = 0;
				GCC_PREPROCESSOR_DEFINITIONS = (
					"DEBUG=1",
					"$(inherited)",
				);
				GCC_WARN_64_TO_32_BIT_CONVERSION = YES;
				GCC_WARN_ABOUT_RETURN_TYPE = YES_ERROR;
				GCC_WARN_UNDECLARED_SELECTOR = YES;
				GCC_WARN_UNINITIALIZED_AUTOS = YES_AGGRESSIVE;
				GCC_WARN_UNUSED_FUNCTION = YES;
				GCC_WARN_UNUSED_VARIABLE = YES;
				IPHONEOS_DEPLOYMENT_TARGET = 12.1;
				MTL_ENABLE_DEBUG_INFO = INCLUDE_SOURCE;
				MTL_FAST_MATH = YES;
				ONLY_ACTIVE_ARCH = YES;
				SDKROOT = iphoneos;
				SWIFT_ACTIVE_COMPILATION_CONDITIONS = DEBUG;
				SWIFT_OPTIMIZATION_LEVEL = "-Onone";
			};
			name = Debug;
		};
		65BA79AE2156AB3C00624639 /* Release */ = {
			isa = XCBuildConfiguration;
			buildSettings = {
				ALWAYS_SEARCH_USER_PATHS = NO;
				CLANG_ANALYZER_NONNULL = YES;
				CLANG_ANALYZER_NUMBER_OBJECT_CONVERSION = YES_AGGRESSIVE;
				CLANG_CXX_LANGUAGE_STANDARD = "gnu++14";
				CLANG_CXX_LIBRARY = "libc++";
				CLANG_ENABLE_MODULES = YES;
				CLANG_ENABLE_OBJC_ARC = YES;
				CLANG_ENABLE_OBJC_WEAK = YES;
				CLANG_WARN_BLOCK_CAPTURE_AUTORELEASING = YES;
				CLANG_WARN_BOOL_CONVERSION = YES;
				CLANG_WARN_COMMA = YES;
				CLANG_WARN_CONSTANT_CONVERSION = YES;
				CLANG_WARN_DEPRECATED_OBJC_IMPLEMENTATIONS = YES;
				CLANG_WARN_DIRECT_OBJC_ISA_USAGE = YES_ERROR;
				CLANG_WARN_DOCUMENTATION_COMMENTS = YES;
				CLANG_WARN_EMPTY_BODY = YES;
				CLANG_WARN_ENUM_CONVERSION = YES;
				CLANG_WARN_INFINITE_RECURSION = YES;
				CLANG_WARN_INT_CONVERSION = YES;
				CLANG_WARN_NON_LITERAL_NULL_CONVERSION = YES;
				CLANG_WARN_OBJC_IMPLICIT_RETAIN_SELF = YES;
				CLANG_WARN_OBJC_LITERAL_CONVERSION = YES;
				CLANG_WARN_OBJC_ROOT_CLASS = YES_ERROR;
				CLANG_WARN_RANGE_LOOP_ANALYSIS = YES;
				CLANG_WARN_STRICT_PROTOTYPES = YES;
				CLANG_WARN_SUSPICIOUS_MOVE = YES;
				CLANG_WARN_UNGUARDED_AVAILABILITY = YES_AGGRESSIVE;
				CLANG_WARN_UNREACHABLE_CODE = YES;
				CLANG_WARN__DUPLICATE_METHOD_MATCH = YES;
				CODE_SIGN_IDENTITY = "iPhone Developer";
				COPY_PHASE_STRIP = NO;
				DEBUG_INFORMATION_FORMAT = "dwarf-with-dsym";
				ENABLE_NS_ASSERTIONS = NO;
				ENABLE_STRICT_OBJC_MSGSEND = YES;
				GCC_C_LANGUAGE_STANDARD = gnu11;
				GCC_NO_COMMON_BLOCKS = YES;
				GCC_WARN_64_TO_32_BIT_CONVERSION = YES;
				GCC_WARN_ABOUT_RETURN_TYPE = YES_ERROR;
				GCC_WARN_UNDECLARED_SELECTOR = YES;
				GCC_WARN_UNINITIALIZED_AUTOS = YES_AGGRESSIVE;
				GCC_WARN_UNUSED_FUNCTION = YES;
				GCC_WARN_UNUSED_VARIABLE = YES;
				IPHONEOS_DEPLOYMENT_TARGET = 12.1;
				MTL_ENABLE_DEBUG_INFO = NO;
				MTL_FAST_MATH = YES;
				SDKROOT = iphoneos;
				SWIFT_COMPILATION_MODE = wholemodule;
				SWIFT_OPTIMIZATION_LEVEL = "-O";
				VALIDATE_PRODUCT = YES;
			};
			name = Release;
		};
		65BA79B02156AB3C00624639 /* Debug */ = {
			isa = XCBuildConfiguration;
			buildSettings = {
				ASSETCATALOG_COMPILER_APPICON_NAME = AppIcon;
				CODE_SIGN_STYLE = Automatic;
				DEVELOPMENT_TEAM = 9EDZDN2T64;
				INFOPLIST_FILE = ARKit2/Info.plist;
				IPHONEOS_DEPLOYMENT_TARGET = 12.0;
				LD_RUNPATH_SEARCH_PATHS = (
					"$(inherited)",
					"@executable_path/Frameworks",
				);
				PRODUCT_BUNDLE_IDENTIFIER = de.hobsoft.demo.ARKit2;
				PRODUCT_NAME = "$(TARGET_NAME)";
				SWIFT_VERSION = 4.2;
				TARGETED_DEVICE_FAMILY = "1,2";
			};
			name = Debug;
		};
		65BA79B12156AB3C00624639 /* Release */ = {
			isa = XCBuildConfiguration;
			buildSettings = {
				ASSETCATALOG_COMPILER_APPICON_NAME = AppIcon;
				CODE_SIGN_STYLE = Automatic;
				DEVELOPMENT_TEAM = 9EDZDN2T64;
				INFOPLIST_FILE = ARKit2/Info.plist;
				IPHONEOS_DEPLOYMENT_TARGET = 12.0;
				LD_RUNPATH_SEARCH_PATHS = (
					"$(inherited)",
					"@executable_path/Frameworks",
				);
				PRODUCT_BUNDLE_IDENTIFIER = de.hobsoft.demo.ARKit2;
				PRODUCT_NAME = "$(TARGET_NAME)";
				SWIFT_VERSION = 4.2;
				TARGETED_DEVICE_FAMILY = "1,2";
			};
			name = Release;
		};
/* End XCBuildConfiguration section */

/* Begin XCConfigurationList section */
		65BA79962156AB3B00624639 /* Build configuration list for PBXProject "ARKit2" */ = {
			isa = XCConfigurationList;
			buildConfigurations = (
				65BA79AD2156AB3C00624639 /* Debug */,
				65BA79AE2156AB3C00624639 /* Release */,
			);
			defaultConfigurationIsVisible = 0;
			defaultConfigurationName = Release;
		};
		65BA79AF2156AB3C00624639 /* Build configuration list for PBXNativeTarget "ARKit2" */ = {
			isa = XCConfigurationList;
			buildConfigurations = (
				65BA79B02156AB3C00624639 /* Debug */,
				65BA79B12156AB3C00624639 /* Release */,
			);
			defaultConfigurationIsVisible = 0;
			defaultConfigurationName = Release;
		};
/* End XCConfigurationList section */
	};
	rootObject = 65BA79932156AB3B00624639 /* Project object */;
}
