// !$*UTF8*$!
{
	archiveVersion = 1;
	classes = {
	};
	objectVersion = 48;
	objects = {

/* Begin PBXBuildFile section */
		655BC80C1FCE1E37001F7613 /* ManualEmployee.swift in Sources */ = {isa = PBXBuildFile; fileRef = 655BC80B1FCE1E37001F7613 /* ManualEmployee.swift */; };
		655BC80E1FCE1E5F001F7613 /* ManualEmployeeSample.json in Resources */ = {isa = PBXBuildFile; fileRef = 655BC80D1FCE1E5F001F7613 /* ManualEmployeeSample.json */; };
		65BAF0021FC770AC0018DAF8 /* AppDelegate.swift in Sources */ = {isa = PBXBuildFile; fileRef = 65BAF0011FC770AC0018DAF8 /* AppDelegate.swift */; };
		65BAF0041FC770AC0018DAF8 /* ViewController.swift in Sources */ = {isa = PBXBuildFile; fileRef = 65BAF0031FC770AC0018DAF8 /* ViewController.swift */; };
		65BAF0071FC770AC0018DAF8 /* Main.storyboard in Resources */ = {isa = PBXBuildFile; fileRef = 65BAF0051FC770AC0018DAF8 /* Main.storyboard */; };
		65BAF0091FC770AC0018DAF8 /* Assets.xcassets in Resources */ = {isa = PBXBuildFile; fileRef = 65BAF0081FC770AC0018DAF8 /* Assets.xcassets */; };
		65BAF00C1FC770AC0018DAF8 /* LaunchScreen.storyboard in Resources */ = {isa = PBXBuildFile; fileRef = 65BAF00A1FC770AC0018DAF8 /* LaunchScreen.storyboard */; };
		65BAF0141FC783930018DAF8 /* Employee.swift in Sources */ = {isa = PBXBuildFile; fileRef = 65BAF0131FC783930018DAF8 /* Employee.swift */; };
		65BAF0161FC785940018DAF8 /* EmployeeSample1.json in Resources */ = {isa = PBXBuildFile; fileRef = 65BAF0151FC785940018DAF8 /* EmployeeSample1.json */; };
/* End PBXBuildFile section */

/* Begin PBXFileReference section */
		655BC80B1FCE1E37001F7613 /* ManualEmployee.swift */ = {isa = PBXFileReference; lastKnownFileType = sourcecode.swift; path = ManualEmployee.swift; sourceTree = "<group>"; };
		655BC80D1FCE1E5F001F7613 /* ManualEmployeeSample.json */ = {isa = PBXFileReference; fileEncoding = 4; lastKnownFileType = text.json; path = ManualEmployeeSample.json; sourceTree = "<group>"; };
		65BAEFFE1FC770AC0018DAF8 /* Codable.app */ = {isa = PBXFileReference; explicitFileType = wrapper.application; includeInIndex = 0; path = Codable.app; sourceTree = BUILT_PRODUCTS_DIR; };
		65BAF0011FC770AC0018DAF8 /* AppDelegate.swift */ = {isa = PBXFileReference; lastKnownFileType = sourcecode.swift; path = AppDelegate.swift; sourceTree = "<group>"; };
		65BAF0031FC770AC0018DAF8 /* ViewController.swift */ = {isa = PBXFileReference; lastKnownFileType = sourcecode.swift; path = ViewController.swift; sourceTree = "<group>"; };
		65BAF0061FC770AC0018DAF8 /* Base */ = {isa = PBXFileReference; lastKnownFileType = file.storyboard; name = Base; path = Base.lproj/Main.storyboard; sourceTree = "<group>"; };
		65BAF0081FC770AC0018DAF8 /* Assets.xcassets */ = {isa = PBXFileReference; lastKnownFileType = folder.assetcatalog; path = Assets.xcassets; sourceTree = "<group>"; };
		65BAF00B1FC770AC0018DAF8 /* Base */ = {isa = PBXFileReference; lastKnownFileType = file.storyboard; name = Base; path = Base.lproj/LaunchScreen.storyboard; sourceTree = "<group>"; };
		65BAF00D1FC770AC0018DAF8 /* Info.plist */ = {isa = PBXFileReference; lastKnownFileType = text.plist.xml; path = Info.plist; sourceTree = "<group>"; };
		65BAF0131FC783930018DAF8 /* Employee.swift */ = {isa = PBXFileReference; lastKnownFileType = sourcecode.swift; path = Employee.swift; sourceTree = "<group>"; };
		65BAF0151FC785940018DAF8 /* EmployeeSample1.json */ = {isa = PBXFileReference; lastKnownFileType = text.json; path = EmployeeSample1.json; sourceTree = "<group>"; };
/* End PBXFileReference section */

/* Begin PBXFrameworksBuildPhase section */
		65BAEFFB1FC770AB0018DAF8 /* Frameworks */ = {
			isa = PBXFrameworksBuildPhase;
			buildActionMask = 2147483647;
			files = (
			);
			runOnlyForDeploymentPostprocessing = 0;
		};
/* End PBXFrameworksBuildPhase section */

/* Begin PBXGroup section */
		65BAEFF51FC770AB0018DAF8 = {
			isa = PBXGroup;
			children = (
				65BAF0001FC770AC0018DAF8 /* Codable */,
				65BAEFFF1FC770AC0018DAF8 /* Products */,
			);
			sourceTree = "<group>";
		};
		65BAEFFF1FC770AC0018DAF8 /* Products */ = {
			isa = PBXGroup;
			children = (
				65BAEFFE1FC770AC0018DAF8 /* Codable.app */,
			);
			name = Products;
			sourceTree = "<group>";
		};
		65BAF0001FC770AC0018DAF8 /* Codable */ = {
			isa = PBXGroup;
			children = (
				65BAF0011FC770AC0018DAF8 /* AppDelegate.swift */,
				65BAF0031FC770AC0018DAF8 /* ViewController.swift */,
				65BAF0051FC770AC0018DAF8 /* Main.storyboard */,
				65BAF0081FC770AC0018DAF8 /* Assets.xcassets */,
				65BAF00A1FC770AC0018DAF8 /* LaunchScreen.storyboard */,
				65BAF00D1FC770AC0018DAF8 /* Info.plist */,
				65BAF0131FC783930018DAF8 /* Employee.swift */,
				655BC80B1FCE1E37001F7613 /* ManualEmployee.swift */,
				65BAF0151FC785940018DAF8 /* EmployeeSample1.json */,
				655BC80D1FCE1E5F001F7613 /* ManualEmployeeSample.json */,
			);
			path = Codable;
			sourceTree = "<group>";
		};
/* End PBXGroup section */

/* Begin PBXNativeTarget section */
		65BAEFFD1FC770AB0018DAF8 /* Codable */ = {
			isa = PBXNativeTarget;
			buildConfigurationList = 65BAF0101FC770AC0018DAF8 /* Build configuration list for PBXNativeTarget "Codable" */;
			buildPhases = (
				65BAEFFA1FC770AB0018DAF8 /* Sources */,
				65BAEFFB1FC770AB0018DAF8 /* Frameworks */,
				65BAEFFC1FC770AB0018DAF8 /* Resources */,
			);
			buildRules = (
			);
			dependencies = (
			);
			name = Codable;
			productName = Codable;
			productReference = 65BAEFFE1FC770AC0018DAF8 /* Codable.app */;
			productType = "com.apple.product-type.application";
		};
/* End PBXNativeTarget section */

/* Begin PBXProject section */
		65BAEFF61FC770AB0018DAF8 /* Project object */ = {
			isa = PBXProject;
			attributes = {
				LastSwiftUpdateCheck = 0910;
				LastUpgradeCheck = 0910;
				ORGANIZATIONNAME = "Daniel Klein";
				TargetAttributes = {
					65BAEFFD1FC770AB0018DAF8 = {
						CreatedOnToolsVersion = 9.1;
						ProvisioningStyle = Automatic;
					};
				};
			};
			buildConfigurationList = 65BAEFF91FC770AB0018DAF8 /* Build configuration list for PBXProject "Codable" */;
			compatibilityVersion = "Xcode 8.0";
			developmentRegion = en;
			hasScannedForEncodings = 0;
			knownRegions = (
				en,
				Base,
			);
			mainGroup = 65BAEFF51FC770AB0018DAF8;
			productRefGroup = 65BAEFFF1FC770AC0018DAF8 /* Products */;
			projectDirPath = "";
			projectRoot = "";
			targets = (
				65BAEFFD1FC770AB0018DAF8 /* Codable */,
			);
		};
/* End PBXProject section */

/* Begin PBXResourcesBuildPhase section */
		65BAEFFC1FC770AB0018DAF8 /* Resources */ = {
			isa = PBXResourcesBuildPhase;
			buildActionMask = 2147483647;
			files = (
				655BC80E1FCE1E5F001F7613 /* ManualEmployeeSample.json in Resources */,
				65BAF00C1FC770AC0018DAF8 /* LaunchScreen.storyboard in Resources */,
				65BAF0091FC770AC0018DAF8 /* Assets.xcassets in Resources */,
				65BAF0071FC770AC0018DAF8 /* Main.storyboard in Resources */,
				65BAF0161FC785940018DAF8 /* EmployeeSample1.json in Resources */,
			);
			runOnlyForDeploymentPostprocessing = 0;
		};
/* End PBXResourcesBuildPhase section */

/* Begin PBXSourcesBuildPhase section */
		65BAEFFA1FC770AB0018DAF8 /* Sources */ = {
			isa = PBXSourcesBuildPhase;
			buildActionMask = 2147483647;
			files = (
				65BAF0041FC770AC0018DAF8 /* ViewController.swift in Sources */,
				655BC80C1FCE1E37001F7613 /* ManualEmployee.swift in Sources */,
				65BAF0141FC783930018DAF8 /* Employee.swift in Sources */,
				65BAF0021FC770AC0018DAF8 /* AppDelegate.swift in Sources */,
			);
			runOnlyForDeploymentPostprocessing = 0;
		};
/* End PBXSourcesBuildPhase section */

/* Begin PBXVariantGroup section */
		65BAF0051FC770AC0018DAF8 /* Main.storyboard */ = {
			isa = PBXVariantGroup;
			children = (
				65BAF0061FC770AC0018DAF8 /* Base */,
			);
			name = Main.storyboard;
			sourceTree = "<group>";
		};
		65BAF00A1FC770AC0018DAF8 /* LaunchScreen.storyboard */ = {
			isa = PBXVariantGroup;
			children = (
				65BAF00B1FC770AC0018DAF8 /* Base */,
			);
			name = LaunchScreen.storyboard;
			sourceTree = "<group>";
		};
/* End PBXVariantGroup section */

/* Begin XCBuildConfiguration section */
		65BAF00E1FC770AC0018DAF8 /* Debug */ = {
			isa = XCBuildConfiguration;
			buildSettings = {
				ALWAYS_SEARCH_USER_PATHS = NO;
				CLANG_ANALYZER_NONNULL = YES;
				CLANG_ANALYZER_NUMBER_OBJECT_CONVERSION = YES_AGGRESSIVE;
				CLANG_CXX_LANGUAGE_STANDARD = "gnu++14";
				CLANG_CXX_LIBRARY = "libc++";
				CLANG_ENABLE_MODULES = YES;
				CLANG_ENABLE_OBJC_ARC = YES;
				CLANG_WARN_BLOCK_CAPTURE_AUTORELEASING = YES;
				CLANG_WARN_BOOL_CONVERSION = YES;
				CLANG_WARN_COMMA = YES;
				CLANG_WARN_CONSTANT_CONVERSION = YES;
				CLANG_WARN_DIRECT_OBJC_ISA_USAGE = YES_ERROR;
				CLANG_WARN_DOCUMENTATION_COMMENTS = YES;
				CLANG_WARN_EMPTY_BODY = YES;
				CLANG_WARN_ENUM_CONVERSION = YES;
				CLANG_WARN_INFINITE_RECURSION = YES;
				CLANG_WARN_INT_CONVERSION = YES;
				CLANG_WARN_NON_LITERAL_NULL_CONVERSION = YES;
				CLANG_WARN_OBJC_LITERAL_CONVERSION = YES;
				CLANG_WARN_OBJC_ROOT_CLASS = YES_ERROR;
				CLANG_WARN_RANGE_LOOP_ANALYSIS = YES;
				CLANG_WARN_STRICT_PROTOTYPES = YES;
				CLANG_WARN_SUSPICIOUS_MOVE = YES;
				CLANG_WARN_UNGUARDED_AVAILABILITY = YES_AGGRESSIVE;
				CLANG_WARN_UNREACHABLE_CODE = YES;
				CLANG_WARN__DUPLICATE_METHOD_MATCH = YES;
				CODE_SIGN_IDENTITY = "iPhone Developer";
				COPY_PHASE_STRIP = NO;
				DEBUG_INFORMATION_FORMAT = dwarf;
				ENABLE_STRICT_OBJC_MSGSEND = YES;
				ENABLE_TESTABILITY = YES;
				GCC_C_LANGUAGE_STANDARD = gnu11;
				GCC_DYNAMIC_NO_PIC = NO;
				GCC_NO_COMMON_BLOCKS = YES;
				GCC_OPTIMIZATION_LEVEL = 0;
				GCC_PREPROCESSOR_DEFINITIONS = (
					"DEBUG=1",
					"$(inherited)",
				);
				GCC_WARN_64_TO_32_BIT_CONVERSION = YES;
				GCC_WARN_ABOUT_RETURN_TYPE = YES_ERROR;
				GCC_WARN_UNDECLARED_SELECTOR = YES;
				GCC_WARN_UNINITIALIZED_AUTOS = YES_AGGRESSIVE;
				GCC_WARN_UNUSED_FUNCTION = YES;
				GCC_WARN_UNUSED_VARIABLE = YES;
				IPHONEOS_DEPLOYMENT_TARGET = 11.1;
				MTL_ENABLE_DEBUG_INFO = YES;
				ONLY_ACTIVE_ARCH = YES;
				SDKROOT = iphoneos;
				SWIFT_ACTIVE_COMPILATION_CONDITIONS = DEBUG;
				SWIFT_OPTIMIZATION_LEVEL = "-Onone";
			};
			name = Debug;
		};
		65BAF00F1FC770AC0018DAF8 /* Release */ = {
			isa = XCBuildConfiguration;
			buildSettings = {
				ALWAYS_SEARCH_USER_PATHS = NO;
				CLANG_ANALYZER_NONNULL = YES;
				CLANG_ANALYZER_NUMBER_OBJECT_CONVERSION = YES_AGGRESSIVE;
				CLANG_CXX_LANGUAGE_STANDARD = "gnu++14";
				CLANG_CXX_LIBRARY = "libc++";
				CLANG_ENABLE_MODULES = YES;
				CLANG_ENABLE_OBJC_ARC = YES;
				CLANG_WARN_BLOCK_CAPTURE_AUTORELEASING = YES;
				CLANG_WARN_BOOL_CONVERSION = YES;
				CLANG_WARN_COMMA = YES;
				CLANG_WARN_CONSTANT_CONVERSION = YES;
				CLANG_WARN_DIRECT_OBJC_ISA_USAGE = YES_ERROR;
				CLANG_WARN_DOCUMENTATION_COMMENTS = YES;
				CLANG_WARN_EMPTY_BODY = YES;
				CLANG_WARN_ENUM_CONVERSION = YES;
				CLANG_WARN_INFINITE_RECURSION = YES;
				CLANG_WARN_INT_CONVERSION = YES;
				CLANG_WARN_NON_LITERAL_NULL_CONVERSION = YES;
				CLANG_WARN_OBJC_LITERAL_CONVERSION = YES;
				CLANG_WARN_OBJC_ROOT_CLASS = YES_ERROR;
				CLANG_WARN_RANGE_LOOP_ANALYSIS = YES;
				CLANG_WARN_STRICT_PROTOTYPES = YES;
				CLANG_WARN_SUSPICIOUS_MOVE = YES;
				CLANG_WARN_UNGUARDED_AVAILABILITY = YES_AGGRESSIVE;
				CLANG_WARN_UNREACHABLE_CODE = YES;
				CLANG_WARN__DUPLICATE_METHOD_MATCH = YES;
				CODE_SIGN_IDENTITY = "iPhone Developer";
				COPY_PHASE_STRIP = NO;
				DEBUG_INFORMATION_FORMAT = "dwarf-with-dsym";
				ENABLE_NS_ASSERTIONS = NO;
				ENABLE_STRICT_OBJC_MSGSEND = YES;
				GCC_C_LANGUAGE_STANDARD = gnu11;
				GCC_NO_COMMON_BLOCKS = YES;
				GCC_WARN_64_TO_32_BIT_CONVERSION = YES;
				GCC_WARN_ABOUT_RETURN_TYPE = YES_ERROR;
				GCC_WARN_UNDECLARED_SELECTOR = YES;
				GCC_WARN_UNINITIALIZED_AUTOS = YES_AGGRESSIVE;
				GCC_WARN_UNUSED_FUNCTION = YES;
				GCC_WARN_UNUSED_VARIABLE = YES;
				IPHONEOS_DEPLOYMENT_TARGET = 11.1;
				MTL_ENABLE_DEBUG_INFO = NO;
				SDKROOT = iphoneos;
				SWIFT_OPTIMIZATION_LEVEL = "-Owholemodule";
				VALIDATE_PRODUCT = YES;
			};
			name = Release;
		};
		65BAF0111FC770AC0018DAF8 /* Debug */ = {
			isa = XCBuildConfiguration;
			buildSettings = {
				ASSETCATALOG_COMPILER_APPICON_NAME = AppIcon;
				CODE_SIGN_STYLE = Automatic;
				DEVELOPMENT_TEAM = 255R7PGQHG;
				INFOPLIST_FILE = Codable/Info.plist;
				LD_RUNPATH_SEARCH_PATHS = "$(inherited) @executable_path/Frameworks";
				PRODUCT_BUNDLE_IDENTIFIER = de.hobsoft.demo.Codable;
				PRODUCT_NAME = "$(TARGET_NAME)";
				SWIFT_VERSION = 4.0;
				TARGETED_DEVICE_FAMILY = "1,2";
			};
			name = Debug;
		};
		65BAF0121FC770AC0018DAF8 /* Release */ = {
			isa = XCBuildConfiguration;
			buildSettings = {
				ASSETCATALOG_COMPILER_APPICON_NAME = AppIcon;
				CODE_SIGN_STYLE = Automatic;
				DEVELOPMENT_TEAM = 255R7PGQHG;
				INFOPLIST_FILE = Codable/Info.plist;
				LD_RUNPATH_SEARCH_PATHS = "$(inherited) @executable_path/Frameworks";
				PRODUCT_BUNDLE_IDENTIFIER = de.hobsoft.demo.Codable;
				PRODUCT_NAME = "$(TARGET_NAME)";
				SWIFT_VERSION = 4.0;
				TARGETED_DEVICE_FAMILY = "1,2";
			};
			name = Release;
		};
/* End XCBuildConfiguration section */

/* Begin XCConfigurationList section */
		65BAEFF91FC770AB0018DAF8 /* Build configuration list for PBXProject "Codable" */ = {
			isa = XCConfigurationList;
			buildConfigurations = (
				65BAF00E1FC770AC0018DAF8 /* Debug */,
				65BAF00F1FC770AC0018DAF8 /* Release */,
			);
			defaultConfigurationIsVisible = 0;
			defaultConfigurationName = Release;
		};
		65BAF0101FC770AC0018DAF8 /* Build configuration list for PBXNativeTarget "Codable" */ = {
			isa = XCConfigurationList;
			buildConfigurations = (
				65BAF0111FC770AC0018DAF8 /* Debug */,
				65BAF0121FC770AC0018DAF8 /* Release */,
			);
			defaultConfigurationIsVisible = 0;
			defaultConfigurationName = Release;
		};
/* End XCConfigurationList section */
	};
	rootObject = 65BAEFF61FC770AB0018DAF8 /* Project object */;
}
